
Microsoft Visual Studio Solution File, Format Version 12.00
# Visual Studio 15
VisualStudioVersion = 15.0.28307.539
MinimumVisualStudioVersion = 10.0.40219.1
Project("{FAE04EC0-301F-11D3-BF4B-00C04F79EFBC}") = "Ex05_Othelo", "Ex02_Othelo\Ex05_Othelo.csproj", "{5719BE39-DB2D-4543-9893-6D7E182EE446}"
EndProject
Project("{2150E333-8FDC-42A3-9474-1A3956D46DE8}") = "Solution Items", "Solution Items", "{E627B837-41BE-44F0-8AFD-D67900CDB99D}"
	ProjectSection(SolutionItems) = preProject
		B19 Ex05 Ziv 308445949 Noam 313527822.txt = B19 Ex05 Ziv 308445949 Noam 313527822.txt
	EndProjectSection
EndProject
Project("{FAE04EC0-301F-11D3-BF4B-00C04F79EFBC}") = "Controller", "Controller\Controller.csproj", "{E59DC12D-5731-4BE0-A29C-0D66EF2A1D60}"
EndProject
Project("{FAE04EC0-301F-11D3-BF4B-00C04F79EFBC}") = "View", "View\View.csproj", "{50F8B039-A8ED-445D-84DE-37B5309A3F28}"
EndProject
Global
	GlobalSection(SolutionConfigurationPlatforms) = preSolution
		Debug|Any CPU = Debug|Any CPU
		Release|Any CPU = Release|Any CPU
	EndGlobalSection
	GlobalSection(ProjectConfigurationPlatforms) = postSolution
		{5719BE39-DB2D-4543-9893-6D7E182EE446}.Debug|Any CPU.ActiveCfg = Debug|Any CPU
		{5719BE39-DB2D-4543-9893-6D7E182EE446}.Debug|Any CPU.Build.0 = Debug|Any CPU
		{5719BE39-DB2D-4543-9893-6D7E182EE446}.Release|Any CPU.ActiveCfg = Release|Any CPU
		{5719BE39-DB2D-4543-9893-6D7E182EE446}.Release|Any CPU.Build.0 = Release|Any CPU
		{E59DC12D-5731-4BE0-A29C-0D66EF2A1D60}.Debug|Any CPU.ActiveCfg = Debug|Any CPU
		{E59DC12D-5731-4BE0-A29C-0D66EF2A1D60}.Debug|Any CPU.Build.0 = Debug|Any CPU
		{E59DC12D-5731-4BE0-A29C-0D66EF2A1D60}.Release|Any CPU.ActiveCfg = Release|Any CPU
		{E59DC12D-5731-4BE0-A29C-0D66EF2A1D60}.Release|Any CPU.Build.0 = Release|Any CPU
		{50F8B039-A8ED-445D-84DE-37B5309A3F28}.Debug|Any CPU.ActiveCfg = Debug|Any CPU
		{50F8B039-A8ED-445D-84DE-37B5309A3F28}.Debug|Any CPU.Build.0 = Debug|Any CPU
		{50F8B039-A8ED-445D-84DE-37B5309A3F28}.Release|Any CPU.ActiveCfg = Release|Any CPU
		{50F8B039-A8ED-445D-84DE-37B5309A3F28}.Release|Any CPU.Build.0 = Release|Any CPU
	EndGlobalSection
	GlobalSection(SolutionProperties) = preSolution
		HideSolutionNode = FALSE
	EndGlobalSection
	GlobalSection(ExtensibilityGlobals) = postSolution
		SolutionGuid = {DCDB2556-E5FF-4D1C-B0B1-8E3292A58C8B}
	EndGlobalSection
EndGlobal
